
Microsoft Visual Studio Solution File, Format Version 11.00
# Visual Studio 2010
# SharpDevelop 4.3
Project("{FAE04EC0-301F-11D3-BF4B-00C04F79EFBC}") = "aaEncryption", "aaEncryption\aaEncryption.csproj", "{C0B6220D-9BF1-4251-94D5-DB609E072EC6}"
EndProject
Project("{FAE04EC0-301F-11D3-BF4B-00C04F79EFBC}") = "Tester", "Tester\Tester.csproj", "{EDCFE5A2-E0B4-4320-8F7C-A86D50A8B1CC}"
EndProject
Global
	GlobalSection(SolutionConfigurationPlatforms) = preSolution
		Debug|Any CPU = Debug|Any CPU
		Release|Any CPU = Release|Any CPU
	EndGlobalSection
	GlobalSection(ProjectConfigurationPlatforms) = postSolution
		{C0B6220D-9BF1-4251-94D5-DB609E072EC6}.Debug|Any CPU.Build.0 = Debug|Any CPU
		{C0B6220D-9BF1-4251-94D5-DB609E072EC6}.Debug|Any CPU.ActiveCfg = Debug|Any CPU
		{C0B6220D-9BF1-4251-94D5-DB609E072EC6}.Release|Any CPU.Build.0 = Release|Any CPU
		{C0B6220D-9BF1-4251-94D5-DB609E072EC6}.Release|Any CPU.ActiveCfg = Release|Any CPU
		{EDCFE5A2-E0B4-4320-8F7C-A86D50A8B1CC}.Debug|Any CPU.Build.0 = Debug|Any CPU
		{EDCFE5A2-E0B4-4320-8F7C-A86D50A8B1CC}.Debug|Any CPU.ActiveCfg = Debug|Any CPU
		{EDCFE5A2-E0B4-4320-8F7C-A86D50A8B1CC}.Release|Any CPU.Build.0 = Release|Any CPU
		{EDCFE5A2-E0B4-4320-8F7C-A86D50A8B1CC}.Release|Any CPU.ActiveCfg = Release|Any CPU
	EndGlobalSection
EndGlobal
